// !$*UTF8*$!
{
	archiveVersion = 1;
	classes = {
	};
	objectVersion = 46;
	objects = {

/* Begin PBXBuildFile section */
		6516E83B1A98CCC10040B48E /* AppDelegate.swift in Sources */ = {isa = PBXBuildFile; fileRef = 6516E83A1A98CCC10040B48E /* AppDelegate.swift */; };
		6516E83D1A98CCC10040B48E /* ViewController.swift in Sources */ = {isa = PBXBuildFile; fileRef = 6516E83C1A98CCC10040B48E /* ViewController.swift */; };
		6516E83F1A98CCC10040B48E /* Images.xcassets in Resources */ = {isa = PBXBuildFile; fileRef = 6516E83E1A98CCC10040B48E /* Images.xcassets */; };
		6516E8421A98CCC10040B48E /* Main.storyboard in Resources */ = {isa = PBXBuildFile; fileRef = 6516E8401A98CCC10040B48E /* Main.storyboard */; };
		6516E84E1A98CCC10040B48E /* BrickBreakTests.swift in Sources */ = {isa = PBXBuildFile; fileRef = 6516E84D1A98CCC10040B48E /* BrickBreakTests.swift */; };
/* End PBXBuildFile section */

/* Begin PBXContainerItemProxy section */
		6516E8481A98CCC10040B48E /* PBXContainerItemProxy */ = {
			isa = PBXContainerItemProxy;
			containerPortal = 6516E82D1A98CCC10040B48E /* Project object */;
			proxyType = 1;
			remoteGlobalIDString = 6516E8341A98CCC10040B48E;
			remoteInfo = BrickBreak;
		};
/* End PBXContainerItemProxy section */

/* Begin PBXFileReference section */
		6516E8351A98CCC10040B48E /* BrickBreak.app */ = {isa = PBXFileReference; explicitFileType = wrapper.application; includeInIndex = 0; path = BrickBreak.app; sourceTree = BUILT_PRODUCTS_DIR; };
		6516E8391A98CCC10040B48E /* Info.plist */ = {isa = PBXFileReference; lastKnownFileType = text.plist.xml; path = Info.plist; sourceTree = "<group>"; };
		6516E83A1A98CCC10040B48E /* AppDelegate.swift */ = {isa = PBXFileReference; lastKnownFileType = sourcecode.swift; path = AppDelegate.swift; sourceTree = "<group>"; };
		6516E83C1A98CCC10040B48E /* ViewController.swift */ = {isa = PBXFileReference; lastKnownFileType = sourcecode.swift; path = ViewController.swift; sourceTree = "<group>"; };
		6516E83E1A98CCC10040B48E /* Images.xcassets */ = {isa = PBXFileReference; lastKnownFileType = folder.assetcatalog; path = Images.xcassets; sourceTree = "<group>"; };
		6516E8411A98CCC10040B48E /* Base */ = {isa = PBXFileReference; lastKnownFileType = file.storyboard; name = Base; path = Base.lproj/Main.storyboard; sourceTree = "<group>"; };
		6516E8471A98CCC10040B48E /* BrickBreakTests.xctest */ = {isa = PBXFileReference; explicitFileType = wrapper.cfbundle; includeInIndex = 0; path = BrickBreakTests.xctest; sourceTree = BUILT_PRODUCTS_DIR; };
		6516E84C1A98CCC10040B48E /* Info.plist */ = {isa = PBXFileReference; lastKnownFileType = text.plist.xml; path = Info.plist; sourceTree = "<group>"; };
		6516E84D1A98CCC10040B48E /* BrickBreakTests.swift */ = {isa = PBXFileReference; lastKnownFileType = sourcecode.swift; path = BrickBreakTests.swift; sourceTree = "<group>"; };
		65E3AB251A99E42900274247 /* BrickBreak.asta */ = {isa = PBXFileReference; lastKnownFileType = file; path = BrickBreak.asta; sourceTree = "<group>"; };
/* End PBXFileReference section */

/* Begin PBXFrameworksBuildPhase section */
		6516E8321A98CCC10040B48E /* Frameworks */ = {
			isa = PBXFrameworksBuildPhase;
			buildActionMask = 2147483647;
			files = (
			);
			runOnlyForDeploymentPostprocessing = 0;
		};
		6516E8441A98CCC10040B48E /* Frameworks */ = {
			isa = PBXFrameworksBuildPhase;
			buildActionMask = 2147483647;
			files = (
			);
			runOnlyForDeploymentPostprocessing = 0;
		};
/* End PBXFrameworksBuildPhase section */

/* Begin PBXGroup section */
		6516E82C1A98CCC10040B48E = {
			isa = PBXGroup;
			children = (
				6516E8371A98CCC10040B48E /* BrickBreak */,
				6516E84A1A98CCC10040B48E /* BrickBreakTests */,
				6516E8361A98CCC10040B48E /* Products */,
			);
			sourceTree = "<group>";
		};
		6516E8361A98CCC10040B48E /* Products */ = {
			isa = PBXGroup;
			children = (
				6516E8351A98CCC10040B48E /* BrickBreak.app */,
				6516E8471A98CCC10040B48E /* BrickBreakTests.xctest */,
			);
			name = Products;
			sourceTree = "<group>";
		};
		6516E8371A98CCC10040B48E /* BrickBreak */ = {
			isa = PBXGroup;
			children = (
				6516E83A1A98CCC10040B48E /* AppDelegate.swift */,
				6516E83C1A98CCC10040B48E /* ViewController.swift */,
				6516E83E1A98CCC10040B48E /* Images.xcassets */,
				6516E8401A98CCC10040B48E /* Main.storyboard */,
				6516E8381A98CCC10040B48E /* Supporting Files */,
			);
			path = BrickBreak;
			sourceTree = "<group>";
		};
		6516E8381A98CCC10040B48E /* Supporting Files */ = {
			isa = PBXGroup;
			children = (
				65E3AB251A99E42900274247 /* BrickBreak.asta */,
				6516E8391A98CCC10040B48E /* Info.plist */,
			);
			name = "Supporting Files";
			sourceTree = "<group>";
		};
		6516E84A1A98CCC10040B48E /* BrickBreakTests */ = {
			isa = PBXGroup;
			children = (
				6516E84D1A98CCC10040B48E /* BrickBreakTests.swift */,
				6516E84B1A98CCC10040B48E /* Supporting Files */,
			);
			path = BrickBreakTests;
			sourceTree = "<group>";
		};
		6516E84B1A98CCC10040B48E /* Supporting Files */ = {
			isa = PBXGroup;
			children = (
				6516E84C1A98CCC10040B48E /* Info.plist */,
			);
			name = "Supporting Files";
			sourceTree = "<group>";
		};
/* End PBXGroup section */

/* Begin PBXNativeTarget section */
		6516E8341A98CCC10040B48E /* BrickBreak */ = {
			isa = PBXNativeTarget;
			buildConfigurationList = 6516E8511A98CCC10040B48E /* Build configuration list for PBXNativeTarget "BrickBreak" */;
			buildPhases = (
				6516E8311A98CCC10040B48E /* Sources */,
				6516E8321A98CCC10040B48E /* Frameworks */,
				6516E8331A98CCC10040B48E /* Resources */,
			);
			buildRules = (
			);
			dependencies = (
			);
			name = BrickBreak;
			productName = BrickBreak;
			productReference = 6516E8351A98CCC10040B48E /* BrickBreak.app */;
			productType = "com.apple.product-type.application";
		};
		6516E8461A98CCC10040B48E /* BrickBreakTests */ = {
			isa = PBXNativeTarget;
			buildConfigurationList = 6516E8541A98CCC10040B48E /* Build configuration list for PBXNativeTarget "BrickBreakTests" */;
			buildPhases = (
				6516E8431A98CCC10040B48E /* Sources */,
				6516E8441A98CCC10040B48E /* Frameworks */,
				6516E8451A98CCC10040B48E /* Resources */,
			);
			buildRules = (
			);
			dependencies = (
				6516E8491A98CCC10040B48E /* PBXTargetDependency */,
			);
			name = BrickBreakTests;
			productName = BrickBreakTests;
			productReference = 6516E8471A98CCC10040B48E /* BrickBreakTests.xctest */;
			productType = "com.apple.product-type.bundle.unit-test";
		};
/* End PBXNativeTarget section */

/* Begin PBXProject section */
		6516E82D1A98CCC10040B48E /* Project object */ = {
			isa = PBXProject;
			attributes = {
				LastUpgradeCheck = 0630;
				ORGANIZATIONNAME = "coCoffee Team";
				TargetAttributes = {
					6516E8341A98CCC10040B48E = {
						CreatedOnToolsVersion = 6.3;
					};
					6516E8461A98CCC10040B48E = {
						CreatedOnToolsVersion = 6.3;
						TestTargetID = 6516E8341A98CCC10040B48E;
					};
				};
			};
			buildConfigurationList = 6516E8301A98CCC10040B48E /* Build configuration list for PBXProject "BrickBreak" */;
			compatibilityVersion = "Xcode 3.2";
			developmentRegion = English;
			hasScannedForEncodings = 0;
			knownRegions = (
				en,
				Base,
			);
			mainGroup = 6516E82C1A98CCC10040B48E;
			productRefGroup = 6516E8361A98CCC10040B48E /* Products */;
			projectDirPath = "";
			projectRoot = "";
			targets = (
				6516E8341A98CCC10040B48E /* BrickBreak */,
				6516E8461A98CCC10040B48E /* BrickBreakTests */,
			);
		};
/* End PBXProject section */

/* Begin PBXResourcesBuildPhase section */
		6516E8331A98CCC10040B48E /* Resources */ = {
			isa = PBXResourcesBuildPhase;
			buildActionMask = 2147483647;
			files = (
				6516E83F1A98CCC10040B48E /* Images.xcassets in Resources */,
				6516E8421A98CCC10040B48E /* Main.storyboard in Resources */,
			);
			runOnlyForDeploymentPostprocessing = 0;
		};
		6516E8451A98CCC10040B48E /* Resources */ = {
			isa = PBXResourcesBuildPhase;
			buildActionMask = 2147483647;
			files = (
			);
			runOnlyForDeploymentPostprocessing = 0;
		};
/* End PBXResourcesBuildPhase section */

/* Begin PBXSourcesBuildPhase section */
		6516E8311A98CCC10040B48E /* Sources */ = {
			isa = PBXSourcesBuildPhase;
			buildActionMask = 2147483647;
			files = (
				6516E83D1A98CCC10040B48E /* ViewController.swift in Sources */,
				6516E83B1A98CCC10040B48E /* AppDelegate.swift in Sources */,
			);
			runOnlyForDeploymentPostprocessing = 0;
		};
		6516E8431A98CCC10040B48E /* Sources */ = {
			isa = PBXSourcesBuildPhase;
			buildActionMask = 2147483647;
			files = (
				6516E84E1A98CCC10040B48E /* BrickBreakTests.swift in Sources */,
			);
			runOnlyForDeploymentPostprocessing = 0;
		};
/* End PBXSourcesBuildPhase section */

/* Begin PBXTargetDependency section */
		6516E8491A98CCC10040B48E /* PBXTargetDependency */ = {
			isa = PBXTargetDependency;
			target = 6516E8341A98CCC10040B48E /* BrickBreak */;
			targetProxy = 6516E8481A98CCC10040B48E /* PBXContainerItemProxy */;
		};
/* End PBXTargetDependency section */

/* Begin PBXVariantGroup section */
		6516E8401A98CCC10040B48E /* Main.storyboard */ = {
			isa = PBXVariantGroup;
			children = (
				6516E8411A98CCC10040B48E /* Base */,
			);
			name = Main.storyboard;
			sourceTree = "<group>";
		};
/* End PBXVariantGroup section */

/* Begin XCBuildConfiguration section */
		6516E84F1A98CCC10040B48E /* Debug */ = {
			isa = XCBuildConfiguration;
			buildSettings = {
				ALWAYS_SEARCH_USER_PATHS = NO;
				CLANG_CXX_LANGUAGE_STANDARD = "gnu++0x";
				CLANG_CXX_LIBRARY = "libc++";
				CLANG_ENABLE_MODULES = YES;
				CLANG_ENABLE_OBJC_ARC = YES;
				CLANG_WARN_BOOL_CONVERSION = YES;
				CLANG_WARN_CONSTANT_CONVERSION = YES;
				CLANG_WARN_DIRECT_OBJC_ISA_USAGE = YES_ERROR;
				CLANG_WARN_EMPTY_BODY = YES;
				CLANG_WARN_ENUM_CONVERSION = YES;
				CLANG_WARN_INT_CONVERSION = YES;
				CLANG_WARN_OBJC_ROOT_CLASS = YES_ERROR;
				CLANG_WARN_UNREACHABLE_CODE = YES;
				CLANG_WARN__DUPLICATE_METHOD_MATCH = YES;
				CODE_SIGN_IDENTITY = "-";
				COPY_PHASE_STRIP = NO;
				DEBUG_INFORMATION_FORMAT = dwarf;
				ENABLE_STRICT_OBJC_MSGSEND = YES;
				GCC_C_LANGUAGE_STANDARD = gnu99;
				GCC_DYNAMIC_NO_PIC = NO;
				GCC_OPTIMIZATION_LEVEL = 0;
				GCC_PREPROCESSOR_DEFINITIONS = (
					"DEBUG=1",
					"$(inherited)",
				);
				GCC_SYMBOLS_PRIVATE_EXTERN = NO;
				GCC_WARN_64_TO_32_BIT_CONVERSION = YES;
				GCC_WARN_ABOUT_RETURN_TYPE = YES_ERROR;
				GCC_WARN_UNDECLARED_SELECTOR = YES;
				GCC_WARN_UNINITIALIZED_AUTOS = YES_AGGRESSIVE;
				GCC_WARN_UNUSED_FUNCTION = YES;
				GCC_WARN_UNUSED_VARIABLE = YES;
				MACOSX_DEPLOYMENT_TARGET = 10.10;
				MTL_ENABLE_DEBUG_INFO = YES;
				ONLY_ACTIVE_ARCH = YES;
				SDKROOT = macosx;
				SWIFT_OPTIMIZATION_LEVEL = "-Onone";
			};
			name = Debug;
		};
		6516E8501A98CCC10040B48E /* Release */ = {
			isa = XCBuildConfiguration;
			buildSettings = {
				ALWAYS_SEARCH_USER_PATHS = NO;
				CLANG_CXX_LANGUAGE_STANDARD = "gnu++0x";
				CLANG_CXX_LIBRARY = "libc++";
				CLANG_ENABLE_MODULES = YES;
				CLANG_ENABLE_OBJC_ARC = YES;
				CLANG_WARN_BOOL_CONVERSION = YES;
				CLANG_WARN_CONSTANT_CONVERSION = YES;
				CLANG_WARN_DIRECT_OBJC_ISA_USAGE = YES_ERROR;
				CLANG_WARN_EMPTY_BODY = YES;
				CLANG_WARN_ENUM_CONVERSION = YES;
				CLANG_WARN_INT_CONVERSION = YES;
				CLANG_WARN_OBJC_ROOT_CLASS = YES_ERROR;
				CLANG_WARN_UNREACHABLE_CODE = YES;
				CLANG_WARN__DUPLICATE_METHOD_MATCH = YES;
				CODE_SIGN_IDENTITY = "-";
				COPY_PHASE_STRIP = NO;
				DEBUG_INFORMATION_FORMAT = "dwarf-with-dsym";
				ENABLE_NS_ASSERTIONS = NO;
				ENABLE_STRICT_OBJC_MSGSEND = YES;
				GCC_C_LANGUAGE_STANDARD = gnu99;
				GCC_WARN_64_TO_32_BIT_CONVERSION = YES;
				GCC_WARN_ABOUT_RETURN_TYPE = YES_ERROR;
				GCC_WARN_UNDECLARED_SELECTOR = YES;
				GCC_WARN_UNINITIALIZED_AUTOS = YES_AGGRESSIVE;
				GCC_WARN_UNUSED_FUNCTION = YES;
				GCC_WARN_UNUSED_VARIABLE = YES;
				MACOSX_DEPLOYMENT_TARGET = 10.10;
				MTL_ENABLE_DEBUG_INFO = NO;
				SDKROOT = macosx;
			};
			name = Release;
		};
		6516E8521A98CCC10040B48E /* Debug */ = {
			isa = XCBuildConfiguration;
			buildSettings = {
				ASSETCATALOG_COMPILER_APPICON_NAME = AppIcon;
				COMBINE_HIDPI_IMAGES = YES;
				INFOPLIST_FILE = BrickBreak/Info.plist;
				LD_RUNPATH_SEARCH_PATHS = "$(inherited) @executable_path/../Frameworks";
				PRODUCT_NAME = "$(TARGET_NAME)";
			};
			name = Debug;
		};
		6516E8531A98CCC10040B48E /* Release */ = {
			isa = XCBuildConfiguration;
			buildSettings = {
				ASSETCATALOG_COMPILER_APPICON_NAME = AppIcon;
				COMBINE_HIDPI_IMAGES = YES;
				INFOPLIST_FILE = BrickBreak/Info.plist;
				LD_RUNPATH_SEARCH_PATHS = "$(inherited) @executable_path/../Frameworks";
				PRODUCT_NAME = "$(TARGET_NAME)";
			};
			name = Release;
		};
		6516E8551A98CCC10040B48E /* Debug */ = {
			isa = XCBuildConfiguration;
			buildSettings = {
				BUNDLE_LOADER = "$(TEST_HOST)";
				COMBINE_HIDPI_IMAGES = YES;
				FRAMEWORK_SEARCH_PATHS = (
					"$(DEVELOPER_FRAMEWORKS_DIR)",
					"$(inherited)",
				);
				GCC_PREPROCESSOR_DEFINITIONS = (
					"DEBUG=1",
					"$(inherited)",
				);
				INFOPLIST_FILE = BrickBreakTests/Info.plist;
				LD_RUNPATH_SEARCH_PATHS = "$(inherited) @executable_path/../Frameworks @loader_path/../Frameworks";
				PRODUCT_NAME = "$(TARGET_NAME)";
				TEST_HOST = "$(BUILT_PRODUCTS_DIR)/BrickBreak.app/Contents/MacOS/BrickBreak";
			};
			name = Debug;
		};
		6516E8561A98CCC10040B48E /* Release */ = {
			isa = XCBuildConfiguration;
			buildSettings = {
				BUNDLE_LOADER = "$(TEST_HOST)";
				COMBINE_HIDPI_IMAGES = YES;
				FRAMEWORK_SEARCH_PATHS = (
					"$(DEVELOPER_FRAMEWORKS_DIR)",
					"$(inherited)",
				);
				INFOPLIST_FILE = BrickBreakTests/Info.plist;
				LD_RUNPATH_SEARCH_PATHS = "$(inherited) @executable_path/../Frameworks @loader_path/../Frameworks";
				PRODUCT_NAME = "$(TARGET_NAME)";
				TEST_HOST = "$(BUILT_PRODUCTS_DIR)/BrickBreak.app/Contents/MacOS/BrickBreak";
			};
			name = Release;
		};
/* End XCBuildConfiguration section */

/* Begin XCConfigurationList section */
		6516E8301A98CCC10040B48E /* Build configuration list for PBXProject "BrickBreak" */ = {
			isa = XCConfigurationList;
			buildConfigurations = (
				6516E84F1A98CCC10040B48E /* Debug */,
				6516E8501A98CCC10040B48E /* Release */,
			);
			defaultConfigurationIsVisible = 0;
			defaultConfigurationName = Release;
		};
		6516E8511A98CCC10040B48E /* Build configuration list for PBXNativeTarget "BrickBreak" */ = {
			isa = XCConfigurationList;
			buildConfigurations = (
				6516E8521A98CCC10040B48E /* Debug */,
				6516E8531A98CCC10040B48E /* Release */,
			);
			defaultConfigurationIsVisible = 0;
			defaultConfigurationName = Release;
		};
		6516E8541A98CCC10040B48E /* Build configuration list for PBXNativeTarget "BrickBreakTests" */ = {
			isa = XCConfigurationList;
			buildConfigurations = (
				6516E8551A98CCC10040B48E /* Debug */,
				6516E8561A98CCC10040B48E /* Release */,
			);
			defaultConfigurationIsVisible = 0;
			defaultConfigurationName = Release;
		};
/* End XCConfigurationList section */
	};
	rootObject = 6516E82D1A98CCC10040B48E /* Project object */;
}
